
Microsoft Visual Studio Solution File, Format Version 12.00
# Visual Studio Version 17
VisualStudioVersion = 17.13.35931.197
MinimumVisualStudioVersion = 10.0.40219.1
Project("{FAE04EC0-301F-11D3-BF4B-00C04F79EFBC}") = "Backend", "Backend\Backend.csproj", "{9D83C15D-9AFB-4E5B-9800-CEDC7D2E6B3F}"
EndProject
Project("{FAE04EC0-301F-11D3-BF4B-00C04F79EFBC}") = "Service", "Service\Service.csproj", "{AFA3D617-6B47-44E9-B35A-4690CE6014A5}"
EndProject
Project("{FAE04EC0-301F-11D3-BF4B-00C04F79EFBC}") = "WebBlazor", "WebBlazor\WebBlazor.csproj", "{B9848CE1-CEA7-4F01-94F2-7A41EA2FED73}"
EndProject
Project("{FAE04EC0-301F-11D3-BF4B-00C04F79EFBC}") = "TestAgora", "TestAgora\TestAgora.csproj", "{2C16396E-7060-4065-AD8B-61EA1689F477}"
EndProject
Project("{FAE04EC0-301F-11D3-BF4B-00C04F79EFBC}") = "Desktop", "Desktop\Desktop.csproj", "{EAC20127-D8BE-403A-B128-162C02D8A961}"
EndProject
Project("{FAE04EC0-301F-11D3-BF4B-00C04F79EFBC}") = "MovilApp", "MovilApp\MovilApp.csproj", "{7D199E43-A35D-4B5B-A2BD-70B5EBF0056E}"
EndProject
Global
	GlobalSection(SolutionConfigurationPlatforms) = preSolution
		Debug|Any CPU = Debug|Any CPU
		Release|Any CPU = Release|Any CPU
	EndGlobalSection
	GlobalSection(ProjectConfigurationPlatforms) = postSolution
		{9D83C15D-9AFB-4E5B-9800-CEDC7D2E6B3F}.Debug|Any CPU.ActiveCfg = Debug|Any CPU
		{9D83C15D-9AFB-4E5B-9800-CEDC7D2E6B3F}.Debug|Any CPU.Build.0 = Debug|Any CPU
		{9D83C15D-9AFB-4E5B-9800-CEDC7D2E6B3F}.Release|Any CPU.ActiveCfg = Release|Any CPU
		{9D83C15D-9AFB-4E5B-9800-CEDC7D2E6B3F}.Release|Any CPU.Build.0 = Release|Any CPU
		{AFA3D617-6B47-44E9-B35A-4690CE6014A5}.Debug|Any CPU.ActiveCfg = Debug|Any CPU
		{AFA3D617-6B47-44E9-B35A-4690CE6014A5}.Debug|Any CPU.Build.0 = Debug|Any CPU
		{AFA3D617-6B47-44E9-B35A-4690CE6014A5}.Release|Any CPU.ActiveCfg = Release|Any CPU
		{AFA3D617-6B47-44E9-B35A-4690CE6014A5}.Release|Any CPU.Build.0 = Release|Any CPU
		{B9848CE1-CEA7-4F01-94F2-7A41EA2FED73}.Debug|Any CPU.ActiveCfg = Debug|Any CPU
		{B9848CE1-CEA7-4F01-94F2-7A41EA2FED73}.Debug|Any CPU.Build.0 = Debug|Any CPU
		{B9848CE1-CEA7-4F01-94F2-7A41EA2FED73}.Release|Any CPU.ActiveCfg = Release|Any CPU
		{B9848CE1-CEA7-4F01-94F2-7A41EA2FED73}.Release|Any CPU.Build.0 = Release|Any CPU
		{2C16396E-7060-4065-AD8B-61EA1689F477}.Debug|Any CPU.ActiveCfg = Debug|Any CPU
		{2C16396E-7060-4065-AD8B-61EA1689F477}.Debug|Any CPU.Build.0 = Debug|Any CPU
		{2C16396E-7060-4065-AD8B-61EA1689F477}.Release|Any CPU.ActiveCfg = Release|Any CPU
		{2C16396E-7060-4065-AD8B-61EA1689F477}.Release|Any CPU.Build.0 = Release|Any CPU
		{EAC20127-D8BE-403A-B128-162C02D8A961}.Debug|Any CPU.ActiveCfg = Debug|Any CPU
		{EAC20127-D8BE-403A-B128-162C02D8A961}.Debug|Any CPU.Build.0 = Debug|Any CPU
		{EAC20127-D8BE-403A-B128-162C02D8A961}.Release|Any CPU.ActiveCfg = Release|Any CPU
		{EAC20127-D8BE-403A-B128-162C02D8A961}.Release|Any CPU.Build.0 = Release|Any CPU
		{7D199E43-A35D-4B5B-A2BD-70B5EBF0056E}.Debug|Any CPU.ActiveCfg = Debug|Any CPU
		{7D199E43-A35D-4B5B-A2BD-70B5EBF0056E}.Debug|Any CPU.Build.0 = Debug|Any CPU
		{7D199E43-A35D-4B5B-A2BD-70B5EBF0056E}.Debug|Any CPU.Deploy.0 = Debug|Any CPU
		{7D199E43-A35D-4B5B-A2BD-70B5EBF0056E}.Release|Any CPU.ActiveCfg = Release|Any CPU
		{7D199E43-A35D-4B5B-A2BD-70B5EBF0056E}.Release|Any CPU.Build.0 = Release|Any CPU
		{7D199E43-A35D-4B5B-A2BD-70B5EBF0056E}.Release|Any CPU.Deploy.0 = Release|Any CPU
	EndGlobalSection
	GlobalSection(SolutionProperties) = preSolution
		HideSolutionNode = FALSE
	EndGlobalSection
	GlobalSection(ExtensibilityGlobals) = postSolution
		SolutionGuid = {F13E0EAE-26C6-4EB8-8C49-AA9907BC7BC0}
	EndGlobalSection
EndGlobal
